
Microsoft Visual Studio Solution File, Format Version 12.00
# Visual Studio Version 16
VisualStudioVersion = 16.0.30517.126
MinimumVisualStudioVersion = 10.0.40219.1
Project("{8BC9CEB8-8B4A-11D0-8D11-00A0C91BC942}") = "Dynamic 2d-arrays", "Dynamic 2d-arrays\Dynamic 2d-arrays.vcxproj", "{E2B8B0D7-562D-4615-90BE-CCE9911B7355}"
EndProject
Project("{8BC9CEB8-8B4A-11D0-8D11-00A0C91BC942}") = "Dynamic arrays", "Dynamic arrays\Dynamic arrays.vcxproj", "{51F1B231-B2EB-4495-9F98-797DB353A081}"
EndProject
Project("{8BC9CEB8-8B4A-11D0-8D11-00A0C91BC942}") = "Saddle point", "Saddle point\Saddle point.vcxproj", "{1CE3CD00-47E4-4B92-B167-41F62252E600}"
EndProject
Project("{8BC9CEB8-8B4A-11D0-8D11-00A0C91BC942}") = "Replacing max and min", "Replacing max and min\Replacing max and min.vcxproj", "{AB4049C6-0EF1-4944-844F-058868D69AFC}"
EndProject
Project("{8BC9CEB8-8B4A-11D0-8D11-00A0C91BC942}") = "Average", "Average\Average.vcxproj", "{26390999-E490-4D30-B0FD-53016F12C284}"
EndProject
Project("{8BC9CEB8-8B4A-11D0-8D11-00A0C91BC942}") = "Shift of the array", "Shift of the array\Shift of the array.vcxproj", "{50F4A853-5024-467E-B11E-63AB62E75795}"
EndProject
Project("{8BC9CEB8-8B4A-11D0-8D11-00A0C91BC942}") = "Сreating 1-d arrays from 2-d", "Сreating 1-d arrays from 2-d\Сreating 1-d arrays from 2-d.vcxproj", "{F78D8F52-5C91-4206-95A1-2E28233D04F7}"
EndProject
Global
	GlobalSection(SolutionConfigurationPlatforms) = preSolution
		Debug|x64 = Debug|x64
		Debug|x86 = Debug|x86
		Release|x64 = Release|x64
		Release|x86 = Release|x86
	EndGlobalSection
	GlobalSection(ProjectConfigurationPlatforms) = postSolution
		{E2B8B0D7-562D-4615-90BE-CCE9911B7355}.Debug|x64.ActiveCfg = Debug|x64
		{E2B8B0D7-562D-4615-90BE-CCE9911B7355}.Debug|x64.Build.0 = Debug|x64
		{E2B8B0D7-562D-4615-90BE-CCE9911B7355}.Debug|x86.ActiveCfg = Debug|Win32
		{E2B8B0D7-562D-4615-90BE-CCE9911B7355}.Debug|x86.Build.0 = Debug|Win32
		{E2B8B0D7-562D-4615-90BE-CCE9911B7355}.Release|x64.ActiveCfg = Release|x64
		{E2B8B0D7-562D-4615-90BE-CCE9911B7355}.Release|x64.Build.0 = Release|x64
		{E2B8B0D7-562D-4615-90BE-CCE9911B7355}.Release|x86.ActiveCfg = Release|Win32
		{E2B8B0D7-562D-4615-90BE-CCE9911B7355}.Release|x86.Build.0 = Release|Win32
		{51F1B231-B2EB-4495-9F98-797DB353A081}.Debug|x64.ActiveCfg = Debug|x64
		{51F1B231-B2EB-4495-9F98-797DB353A081}.Debug|x64.Build.0 = Debug|x64
		{51F1B231-B2EB-4495-9F98-797DB353A081}.Debug|x86.ActiveCfg = Debug|Win32
		{51F1B231-B2EB-4495-9F98-797DB353A081}.Debug|x86.Build.0 = Debug|Win32
		{51F1B231-B2EB-4495-9F98-797DB353A081}.Release|x64.ActiveCfg = Release|x64
		{51F1B231-B2EB-4495-9F98-797DB353A081}.Release|x64.Build.0 = Release|x64
		{51F1B231-B2EB-4495-9F98-797DB353A081}.Release|x86.ActiveCfg = Release|Win32
		{51F1B231-B2EB-4495-9F98-797DB353A081}.Release|x86.Build.0 = Release|Win32
		{1CE3CD00-47E4-4B92-B167-41F62252E600}.Debug|x64.ActiveCfg = Debug|x64
		{1CE3CD00-47E4-4B92-B167-41F62252E600}.Debug|x64.Build.0 = Debug|x64
		{1CE3CD00-47E4-4B92-B167-41F62252E600}.Debug|x86.ActiveCfg = Debug|Win32
		{1CE3CD00-47E4-4B92-B167-41F62252E600}.Debug|x86.Build.0 = Debug|Win32
		{1CE3CD00-47E4-4B92-B167-41F62252E600}.Release|x64.ActiveCfg = Release|x64
		{1CE3CD00-47E4-4B92-B167-41F62252E600}.Release|x64.Build.0 = Release|x64
		{1CE3CD00-47E4-4B92-B167-41F62252E600}.Release|x86.ActiveCfg = Release|Win32
		{1CE3CD00-47E4-4B92-B167-41F62252E600}.Release|x86.Build.0 = Release|Win32
		{AB4049C6-0EF1-4944-844F-058868D69AFC}.Debug|x64.ActiveCfg = Debug|x64
		{AB4049C6-0EF1-4944-844F-058868D69AFC}.Debug|x64.Build.0 = Debug|x64
		{AB4049C6-0EF1-4944-844F-058868D69AFC}.Debug|x86.ActiveCfg = Debug|Win32
		{AB4049C6-0EF1-4944-844F-058868D69AFC}.Debug|x86.Build.0 = Debug|Win32
		{AB4049C6-0EF1-4944-844F-058868D69AFC}.Release|x64.ActiveCfg = Release|x64
		{AB4049C6-0EF1-4944-844F-058868D69AFC}.Release|x64.Build.0 = Release|x64
		{AB4049C6-0EF1-4944-844F-058868D69AFC}.Release|x86.ActiveCfg = Release|Win32
		{AB4049C6-0EF1-4944-844F-058868D69AFC}.Release|x86.Build.0 = Release|Win32
		{26390999-E490-4D30-B0FD-53016F12C284}.Debug|x64.ActiveCfg = Debug|x64
		{26390999-E490-4D30-B0FD-53016F12C284}.Debug|x64.Build.0 = Debug|x64
		{26390999-E490-4D30-B0FD-53016F12C284}.Debug|x86.ActiveCfg = Debug|Win32
		{26390999-E490-4D30-B0FD-53016F12C284}.Debug|x86.Build.0 = Debug|Win32
		{26390999-E490-4D30-B0FD-53016F12C284}.Release|x64.ActiveCfg = Release|x64
		{26390999-E490-4D30-B0FD-53016F12C284}.Release|x64.Build.0 = Release|x64
		{26390999-E490-4D30-B0FD-53016F12C284}.Release|x86.ActiveCfg = Release|Win32
		{26390999-E490-4D30-B0FD-53016F12C284}.Release|x86.Build.0 = Release|Win32
		{50F4A853-5024-467E-B11E-63AB62E75795}.Debug|x64.ActiveCfg = Debug|x64
		{50F4A853-5024-467E-B11E-63AB62E75795}.Debug|x64.Build.0 = Debug|x64
		{50F4A853-5024-467E-B11E-63AB62E75795}.Debug|x86.ActiveCfg = Debug|Win32
		{50F4A853-5024-467E-B11E-63AB62E75795}.Debug|x86.Build.0 = Debug|Win32
		{50F4A853-5024-467E-B11E-63AB62E75795}.Release|x64.ActiveCfg = Release|x64
		{50F4A853-5024-467E-B11E-63AB62E75795}.Release|x64.Build.0 = Release|x64
		{50F4A853-5024-467E-B11E-63AB62E75795}.Release|x86.ActiveCfg = Release|Win32
		{50F4A853-5024-467E-B11E-63AB62E75795}.Release|x86.Build.0 = Release|Win32
		{F78D8F52-5C91-4206-95A1-2E28233D04F7}.Debug|x64.ActiveCfg = Debug|x64
		{F78D8F52-5C91-4206-95A1-2E28233D04F7}.Debug|x64.Build.0 = Debug|x64
		{F78D8F52-5C91-4206-95A1-2E28233D04F7}.Debug|x86.ActiveCfg = Debug|Win32
		{F78D8F52-5C91-4206-95A1-2E28233D04F7}.Debug|x86.Build.0 = Debug|Win32
		{F78D8F52-5C91-4206-95A1-2E28233D04F7}.Release|x64.ActiveCfg = Release|x64
		{F78D8F52-5C91-4206-95A1-2E28233D04F7}.Release|x64.Build.0 = Release|x64
		{F78D8F52-5C91-4206-95A1-2E28233D04F7}.Release|x86.ActiveCfg = Release|Win32
		{F78D8F52-5C91-4206-95A1-2E28233D04F7}.Release|x86.Build.0 = Release|Win32
	EndGlobalSection
	GlobalSection(SolutionProperties) = preSolution
		HideSolutionNode = FALSE
	EndGlobalSection
	GlobalSection(ExtensibilityGlobals) = postSolution
		SolutionGuid = {92EC815E-F33B-47BA-8940-AAF107E7E720}
	EndGlobalSection
EndGlobal
