
Microsoft Visual Studio Solution File, Format Version 12.00
# Visual Studio Version 16
VisualStudioVersion = 16.0.31112.23
MinimumVisualStudioVersion = 10.0.40219.1
Project("{8BC9CEB8-8B4A-11D0-8D11-00A0C91BC942}") = "Rational Fraction", "Rational Fraction\Rational Fraction.vcxproj", "{8A035E82-49E3-4F26-A855-B9359209F8CF}"
EndProject
Project("{8BC9CEB8-8B4A-11D0-8D11-00A0C91BC942}") = "Stack", "Stack\Stack.vcxproj", "{FDB75059-142F-49D8-A9A5-DF07DD709E1F}"
EndProject
Project("{8BC9CEB8-8B4A-11D0-8D11-00A0C91BC942}") = "Using AVL", "Using AVL\Using AVL.vcxproj", "{3E903DC1-972E-46E4-BA23-FCA2C4954F84}"
EndProject
Project("{8BC9CEB8-8B4A-11D0-8D11-00A0C91BC942}") = "Find pair", "Find pair\Find pair.vcxproj", "{8B42E973-B3CD-4164-B4E1-01BEFA672036}"
EndProject
Global
	GlobalSection(SolutionConfigurationPlatforms) = preSolution
		Debug|x64 = Debug|x64
		Debug|x86 = Debug|x86
		Release|x64 = Release|x64
		Release|x86 = Release|x86
	EndGlobalSection
	GlobalSection(ProjectConfigurationPlatforms) = postSolution
		{8A035E82-49E3-4F26-A855-B9359209F8CF}.Debug|x64.ActiveCfg = Debug|x64
		{8A035E82-49E3-4F26-A855-B9359209F8CF}.Debug|x64.Build.0 = Debug|x64
		{8A035E82-49E3-4F26-A855-B9359209F8CF}.Debug|x86.ActiveCfg = Debug|Win32
		{8A035E82-49E3-4F26-A855-B9359209F8CF}.Debug|x86.Build.0 = Debug|Win32
		{8A035E82-49E3-4F26-A855-B9359209F8CF}.Release|x64.ActiveCfg = Release|x64
		{8A035E82-49E3-4F26-A855-B9359209F8CF}.Release|x64.Build.0 = Release|x64
		{8A035E82-49E3-4F26-A855-B9359209F8CF}.Release|x86.ActiveCfg = Release|Win32
		{8A035E82-49E3-4F26-A855-B9359209F8CF}.Release|x86.Build.0 = Release|Win32
		{FDB75059-142F-49D8-A9A5-DF07DD709E1F}.Debug|x64.ActiveCfg = Debug|x64
		{FDB75059-142F-49D8-A9A5-DF07DD709E1F}.Debug|x64.Build.0 = Debug|x64
		{FDB75059-142F-49D8-A9A5-DF07DD709E1F}.Debug|x86.ActiveCfg = Debug|Win32
		{FDB75059-142F-49D8-A9A5-DF07DD709E1F}.Debug|x86.Build.0 = Debug|Win32
		{FDB75059-142F-49D8-A9A5-DF07DD709E1F}.Release|x64.ActiveCfg = Release|x64
		{FDB75059-142F-49D8-A9A5-DF07DD709E1F}.Release|x64.Build.0 = Release|x64
		{FDB75059-142F-49D8-A9A5-DF07DD709E1F}.Release|x86.ActiveCfg = Release|Win32
		{FDB75059-142F-49D8-A9A5-DF07DD709E1F}.Release|x86.Build.0 = Release|Win32
		{3E903DC1-972E-46E4-BA23-FCA2C4954F84}.Debug|x64.ActiveCfg = Debug|x64
		{3E903DC1-972E-46E4-BA23-FCA2C4954F84}.Debug|x64.Build.0 = Debug|x64
		{3E903DC1-972E-46E4-BA23-FCA2C4954F84}.Debug|x86.ActiveCfg = Debug|Win32
		{3E903DC1-972E-46E4-BA23-FCA2C4954F84}.Debug|x86.Build.0 = Debug|Win32
		{3E903DC1-972E-46E4-BA23-FCA2C4954F84}.Release|x64.ActiveCfg = Release|x64
		{3E903DC1-972E-46E4-BA23-FCA2C4954F84}.Release|x64.Build.0 = Release|x64
		{3E903DC1-972E-46E4-BA23-FCA2C4954F84}.Release|x86.ActiveCfg = Release|Win32
		{3E903DC1-972E-46E4-BA23-FCA2C4954F84}.Release|x86.Build.0 = Release|Win32
		{8B42E973-B3CD-4164-B4E1-01BEFA672036}.Debug|x64.ActiveCfg = Debug|x64
		{8B42E973-B3CD-4164-B4E1-01BEFA672036}.Debug|x64.Build.0 = Debug|x64
		{8B42E973-B3CD-4164-B4E1-01BEFA672036}.Debug|x86.ActiveCfg = Debug|Win32
		{8B42E973-B3CD-4164-B4E1-01BEFA672036}.Debug|x86.Build.0 = Debug|Win32
		{8B42E973-B3CD-4164-B4E1-01BEFA672036}.Release|x64.ActiveCfg = Release|x64
		{8B42E973-B3CD-4164-B4E1-01BEFA672036}.Release|x64.Build.0 = Release|x64
		{8B42E973-B3CD-4164-B4E1-01BEFA672036}.Release|x86.ActiveCfg = Release|Win32
		{8B42E973-B3CD-4164-B4E1-01BEFA672036}.Release|x86.Build.0 = Release|Win32
	EndGlobalSection
	GlobalSection(SolutionProperties) = preSolution
		HideSolutionNode = FALSE
	EndGlobalSection
	GlobalSection(ExtensibilityGlobals) = postSolution
		SolutionGuid = {B16B6590-880B-4C4A-BD7D-4FAF74025286}
	EndGlobalSection
EndGlobal
