
Microsoft Visual Studio Solution File, Format Version 12.00
# Visual Studio Version 16
VisualStudioVersion = 16.0.31005.135
MinimumVisualStudioVersion = 10.0.40219.1
Project("{8BC9CEB8-8B4A-11D0-8D11-00A0C91BC942}") = "Triangle", "Triangle\Triangle.vcxproj", "{C98BBC03-647E-42DC-9A9E-B382F221AC03}"
EndProject
Project("{8BC9CEB8-8B4A-11D0-8D11-00A0C91BC942}") = "Date", "Date\Date.vcxproj", "{0BF4F333-EFFD-4533-85A2-BF3E74E9A1FC}"
EndProject
Project("{8BC9CEB8-8B4A-11D0-8D11-00A0C91BC942}") = "Matrix", "Matrix\Matrix.vcxproj", "{AE3FFB5E-E075-4422-9CEF-64075A917C17}"
EndProject
Global
	GlobalSection(SolutionConfigurationPlatforms) = preSolution
		Debug|x64 = Debug|x64
		Debug|x86 = Debug|x86
		Release|x64 = Release|x64
		Release|x86 = Release|x86
	EndGlobalSection
	GlobalSection(ProjectConfigurationPlatforms) = postSolution
		{C98BBC03-647E-42DC-9A9E-B382F221AC03}.Debug|x64.ActiveCfg = Debug|x64
		{C98BBC03-647E-42DC-9A9E-B382F221AC03}.Debug|x64.Build.0 = Debug|x64
		{C98BBC03-647E-42DC-9A9E-B382F221AC03}.Debug|x86.ActiveCfg = Debug|Win32
		{C98BBC03-647E-42DC-9A9E-B382F221AC03}.Debug|x86.Build.0 = Debug|Win32
		{C98BBC03-647E-42DC-9A9E-B382F221AC03}.Release|x64.ActiveCfg = Release|x64
		{C98BBC03-647E-42DC-9A9E-B382F221AC03}.Release|x64.Build.0 = Release|x64
		{C98BBC03-647E-42DC-9A9E-B382F221AC03}.Release|x86.ActiveCfg = Release|Win32
		{C98BBC03-647E-42DC-9A9E-B382F221AC03}.Release|x86.Build.0 = Release|Win32
		{0BF4F333-EFFD-4533-85A2-BF3E74E9A1FC}.Debug|x64.ActiveCfg = Debug|x64
		{0BF4F333-EFFD-4533-85A2-BF3E74E9A1FC}.Debug|x64.Build.0 = Debug|x64
		{0BF4F333-EFFD-4533-85A2-BF3E74E9A1FC}.Debug|x86.ActiveCfg = Debug|Win32
		{0BF4F333-EFFD-4533-85A2-BF3E74E9A1FC}.Debug|x86.Build.0 = Debug|Win32
		{0BF4F333-EFFD-4533-85A2-BF3E74E9A1FC}.Release|x64.ActiveCfg = Release|x64
		{0BF4F333-EFFD-4533-85A2-BF3E74E9A1FC}.Release|x64.Build.0 = Release|x64
		{0BF4F333-EFFD-4533-85A2-BF3E74E9A1FC}.Release|x86.ActiveCfg = Release|Win32
		{0BF4F333-EFFD-4533-85A2-BF3E74E9A1FC}.Release|x86.Build.0 = Release|Win32
		{AE3FFB5E-E075-4422-9CEF-64075A917C17}.Debug|x64.ActiveCfg = Debug|x64
		{AE3FFB5E-E075-4422-9CEF-64075A917C17}.Debug|x64.Build.0 = Debug|x64
		{AE3FFB5E-E075-4422-9CEF-64075A917C17}.Debug|x86.ActiveCfg = Debug|Win32
		{AE3FFB5E-E075-4422-9CEF-64075A917C17}.Debug|x86.Build.0 = Debug|Win32
		{AE3FFB5E-E075-4422-9CEF-64075A917C17}.Release|x64.ActiveCfg = Release|x64
		{AE3FFB5E-E075-4422-9CEF-64075A917C17}.Release|x64.Build.0 = Release|x64
		{AE3FFB5E-E075-4422-9CEF-64075A917C17}.Release|x86.ActiveCfg = Release|Win32
		{AE3FFB5E-E075-4422-9CEF-64075A917C17}.Release|x86.Build.0 = Release|Win32
	EndGlobalSection
	GlobalSection(SolutionProperties) = preSolution
		HideSolutionNode = FALSE
	EndGlobalSection
	GlobalSection(ExtensibilityGlobals) = postSolution
		SolutionGuid = {31535BF4-4D09-46FD-92D0-5F36EF25D6A6}
	EndGlobalSection
EndGlobal
