
Microsoft Visual Studio Solution File, Format Version 12.00
# Visual Studio Version 16
VisualStudioVersion = 16.0.30611.23
MinimumVisualStudioVersion = 10.0.40219.1
Project("{8BC9CEB8-8B4A-11D0-8D11-00A0C91BC942}") = "Euclidean algorithm", "Euclidean algorithm\Euclidean algorithm.vcxproj", "{18CF5283-2D70-42A7-99D1-D40C589F44A0}"
EndProject
Project("{8BC9CEB8-8B4A-11D0-8D11-00A0C91BC942}") = "Length of string", "Length of string\Length of string.vcxproj", "{7F383ED0-8838-4C9D-9FAA-A2638432A477}"
EndProject
Project("{8BC9CEB8-8B4A-11D0-8D11-00A0C91BC942}") = "Сonverting to number", "Сonverting to number\Сonverting to number.vcxproj", "{A328C24B-00CE-455F-B246-D7EC7B7D2258}"
EndProject
Project("{8BC9CEB8-8B4A-11D0-8D11-00A0C91BC942}") = "Gauss method", "Gauss method\Gauss method.vcxproj", "{08C54156-4290-4412-BEF2-A6C3FE347054}"
EndProject
Project("{8BC9CEB8-8B4A-11D0-8D11-00A0C91BC942}") = "Bonding", "Bonding\Bonding.vcxproj", "{CDA87B84-A14E-4755-8930-4EBFA501F151}"
EndProject
Project("{8BC9CEB8-8B4A-11D0-8D11-00A0C91BC942}") = "Find value", "Find value\Find value.vcxproj", "{AB55E5BF-44F1-4E1D-A34E-BA3449F65082}"
EndProject
Global
	GlobalSection(SolutionConfigurationPlatforms) = preSolution
		Debug|x64 = Debug|x64
		Debug|x86 = Debug|x86
		Release|x64 = Release|x64
		Release|x86 = Release|x86
	EndGlobalSection
	GlobalSection(ProjectConfigurationPlatforms) = postSolution
		{18CF5283-2D70-42A7-99D1-D40C589F44A0}.Debug|x64.ActiveCfg = Debug|x64
		{18CF5283-2D70-42A7-99D1-D40C589F44A0}.Debug|x64.Build.0 = Debug|x64
		{18CF5283-2D70-42A7-99D1-D40C589F44A0}.Debug|x86.ActiveCfg = Debug|Win32
		{18CF5283-2D70-42A7-99D1-D40C589F44A0}.Debug|x86.Build.0 = Debug|Win32
		{18CF5283-2D70-42A7-99D1-D40C589F44A0}.Release|x64.ActiveCfg = Release|x64
		{18CF5283-2D70-42A7-99D1-D40C589F44A0}.Release|x64.Build.0 = Release|x64
		{18CF5283-2D70-42A7-99D1-D40C589F44A0}.Release|x86.ActiveCfg = Release|Win32
		{18CF5283-2D70-42A7-99D1-D40C589F44A0}.Release|x86.Build.0 = Release|Win32
		{7F383ED0-8838-4C9D-9FAA-A2638432A477}.Debug|x64.ActiveCfg = Debug|x64
		{7F383ED0-8838-4C9D-9FAA-A2638432A477}.Debug|x64.Build.0 = Debug|x64
		{7F383ED0-8838-4C9D-9FAA-A2638432A477}.Debug|x86.ActiveCfg = Debug|Win32
		{7F383ED0-8838-4C9D-9FAA-A2638432A477}.Debug|x86.Build.0 = Debug|Win32
		{7F383ED0-8838-4C9D-9FAA-A2638432A477}.Release|x64.ActiveCfg = Release|x64
		{7F383ED0-8838-4C9D-9FAA-A2638432A477}.Release|x64.Build.0 = Release|x64
		{7F383ED0-8838-4C9D-9FAA-A2638432A477}.Release|x86.ActiveCfg = Release|Win32
		{7F383ED0-8838-4C9D-9FAA-A2638432A477}.Release|x86.Build.0 = Release|Win32
		{A328C24B-00CE-455F-B246-D7EC7B7D2258}.Debug|x64.ActiveCfg = Debug|x64
		{A328C24B-00CE-455F-B246-D7EC7B7D2258}.Debug|x64.Build.0 = Debug|x64
		{A328C24B-00CE-455F-B246-D7EC7B7D2258}.Debug|x86.ActiveCfg = Debug|Win32
		{A328C24B-00CE-455F-B246-D7EC7B7D2258}.Debug|x86.Build.0 = Debug|Win32
		{A328C24B-00CE-455F-B246-D7EC7B7D2258}.Release|x64.ActiveCfg = Release|x64
		{A328C24B-00CE-455F-B246-D7EC7B7D2258}.Release|x64.Build.0 = Release|x64
		{A328C24B-00CE-455F-B246-D7EC7B7D2258}.Release|x86.ActiveCfg = Release|Win32
		{A328C24B-00CE-455F-B246-D7EC7B7D2258}.Release|x86.Build.0 = Release|Win32
		{08C54156-4290-4412-BEF2-A6C3FE347054}.Debug|x64.ActiveCfg = Debug|x64
		{08C54156-4290-4412-BEF2-A6C3FE347054}.Debug|x64.Build.0 = Debug|x64
		{08C54156-4290-4412-BEF2-A6C3FE347054}.Debug|x86.ActiveCfg = Debug|Win32
		{08C54156-4290-4412-BEF2-A6C3FE347054}.Debug|x86.Build.0 = Debug|Win32
		{08C54156-4290-4412-BEF2-A6C3FE347054}.Release|x64.ActiveCfg = Release|x64
		{08C54156-4290-4412-BEF2-A6C3FE347054}.Release|x64.Build.0 = Release|x64
		{08C54156-4290-4412-BEF2-A6C3FE347054}.Release|x86.ActiveCfg = Release|Win32
		{08C54156-4290-4412-BEF2-A6C3FE347054}.Release|x86.Build.0 = Release|Win32
		{CDA87B84-A14E-4755-8930-4EBFA501F151}.Debug|x64.ActiveCfg = Debug|x64
		{CDA87B84-A14E-4755-8930-4EBFA501F151}.Debug|x64.Build.0 = Debug|x64
		{CDA87B84-A14E-4755-8930-4EBFA501F151}.Debug|x86.ActiveCfg = Debug|Win32
		{CDA87B84-A14E-4755-8930-4EBFA501F151}.Debug|x86.Build.0 = Debug|Win32
		{CDA87B84-A14E-4755-8930-4EBFA501F151}.Release|x64.ActiveCfg = Release|x64
		{CDA87B84-A14E-4755-8930-4EBFA501F151}.Release|x64.Build.0 = Release|x64
		{CDA87B84-A14E-4755-8930-4EBFA501F151}.Release|x86.ActiveCfg = Release|Win32
		{CDA87B84-A14E-4755-8930-4EBFA501F151}.Release|x86.Build.0 = Release|Win32
		{AB55E5BF-44F1-4E1D-A34E-BA3449F65082}.Debug|x64.ActiveCfg = Debug|x64
		{AB55E5BF-44F1-4E1D-A34E-BA3449F65082}.Debug|x64.Build.0 = Debug|x64
		{AB55E5BF-44F1-4E1D-A34E-BA3449F65082}.Debug|x86.ActiveCfg = Debug|Win32
		{AB55E5BF-44F1-4E1D-A34E-BA3449F65082}.Debug|x86.Build.0 = Debug|Win32
		{AB55E5BF-44F1-4E1D-A34E-BA3449F65082}.Release|x64.ActiveCfg = Release|x64
		{AB55E5BF-44F1-4E1D-A34E-BA3449F65082}.Release|x64.Build.0 = Release|x64
		{AB55E5BF-44F1-4E1D-A34E-BA3449F65082}.Release|x86.ActiveCfg = Release|Win32
		{AB55E5BF-44F1-4E1D-A34E-BA3449F65082}.Release|x86.Build.0 = Release|Win32
	EndGlobalSection
	GlobalSection(SolutionProperties) = preSolution
		HideSolutionNode = FALSE
	EndGlobalSection
	GlobalSection(ExtensibilityGlobals) = postSolution
		SolutionGuid = {423193E2-929E-4842-A616-B0521B31654A}
	EndGlobalSection
EndGlobal
