
Microsoft Visual Studio Solution File, Format Version 12.00
# Visual Studio Version 16
VisualStudioVersion = 16.0.30517.126
MinimumVisualStudioVersion = 10.0.40219.1
Project("{8BC9CEB8-8B4A-11D0-8D11-00A0C91BC942}") = "Stars", "Stars\Stars.vcxproj", "{2F06139D-714E-4913-AE6A-E999CB8B2E9D}"
EndProject
Project("{8BC9CEB8-8B4A-11D0-8D11-00A0C91BC942}") = "Sin", "Sin\Sin.vcxproj", "{AB1D3F96-B5DC-48A0-937F-3E0B5E35612E}"
EndProject
Project("{8BC9CEB8-8B4A-11D0-8D11-00A0C91BC942}") = "Pi", "Pi\Pi.vcxproj", "{341D5107-98C8-4162-BF47-443D5BA5743E}"
EndProject
Project("{8BC9CEB8-8B4A-11D0-8D11-00A0C91BC942}") = "Bits", "Bits\Bits.vcxproj", "{B37F321F-4D40-4CC5-BA9F-BBFFCA1E6DDD}"
EndProject
Project("{8BC9CEB8-8B4A-11D0-8D11-00A0C91BC942}") = "Replacing bits", "Replacing bits\Replacing bits.vcxproj", "{70C6196A-A92C-49ED-8F48-BDB9A029FF7C}"
EndProject
Project("{8BC9CEB8-8B4A-11D0-8D11-00A0C91BC942}") = "Zipper", "Zipper\Zipper.vcxproj", "{8ED6359D-55B0-4624-8099-ED1805153B19}"
EndProject
Project("{8BC9CEB8-8B4A-11D0-8D11-00A0C91BC942}") = "Numerical series", "Numerical series\Numerical series.vcxproj", "{7E3346A4-1686-45C0-BB12-B2326F36B1F8}"
EndProject
Project("{8BC9CEB8-8B4A-11D0-8D11-00A0C91BC942}") = "Another", "Another\Another.vcxproj", "{0CD22C21-0C9E-4EA7-A8D6-5F143F6782C5}"
EndProject
Global
	GlobalSection(SolutionConfigurationPlatforms) = preSolution
		Debug|x64 = Debug|x64
		Debug|x86 = Debug|x86
		Release|x64 = Release|x64
		Release|x86 = Release|x86
	EndGlobalSection
	GlobalSection(ProjectConfigurationPlatforms) = postSolution
		{2F06139D-714E-4913-AE6A-E999CB8B2E9D}.Debug|x64.ActiveCfg = Debug|x64
		{2F06139D-714E-4913-AE6A-E999CB8B2E9D}.Debug|x64.Build.0 = Debug|x64
		{2F06139D-714E-4913-AE6A-E999CB8B2E9D}.Debug|x86.ActiveCfg = Debug|Win32
		{2F06139D-714E-4913-AE6A-E999CB8B2E9D}.Debug|x86.Build.0 = Debug|Win32
		{2F06139D-714E-4913-AE6A-E999CB8B2E9D}.Release|x64.ActiveCfg = Release|x64
		{2F06139D-714E-4913-AE6A-E999CB8B2E9D}.Release|x64.Build.0 = Release|x64
		{2F06139D-714E-4913-AE6A-E999CB8B2E9D}.Release|x86.ActiveCfg = Release|Win32
		{2F06139D-714E-4913-AE6A-E999CB8B2E9D}.Release|x86.Build.0 = Release|Win32
		{AB1D3F96-B5DC-48A0-937F-3E0B5E35612E}.Debug|x64.ActiveCfg = Debug|x64
		{AB1D3F96-B5DC-48A0-937F-3E0B5E35612E}.Debug|x64.Build.0 = Debug|x64
		{AB1D3F96-B5DC-48A0-937F-3E0B5E35612E}.Debug|x86.ActiveCfg = Debug|Win32
		{AB1D3F96-B5DC-48A0-937F-3E0B5E35612E}.Debug|x86.Build.0 = Debug|Win32
		{AB1D3F96-B5DC-48A0-937F-3E0B5E35612E}.Release|x64.ActiveCfg = Release|x64
		{AB1D3F96-B5DC-48A0-937F-3E0B5E35612E}.Release|x64.Build.0 = Release|x64
		{AB1D3F96-B5DC-48A0-937F-3E0B5E35612E}.Release|x86.ActiveCfg = Release|Win32
		{AB1D3F96-B5DC-48A0-937F-3E0B5E35612E}.Release|x86.Build.0 = Release|Win32
		{341D5107-98C8-4162-BF47-443D5BA5743E}.Debug|x64.ActiveCfg = Debug|x64
		{341D5107-98C8-4162-BF47-443D5BA5743E}.Debug|x64.Build.0 = Debug|x64
		{341D5107-98C8-4162-BF47-443D5BA5743E}.Debug|x86.ActiveCfg = Debug|Win32
		{341D5107-98C8-4162-BF47-443D5BA5743E}.Debug|x86.Build.0 = Debug|Win32
		{341D5107-98C8-4162-BF47-443D5BA5743E}.Release|x64.ActiveCfg = Release|x64
		{341D5107-98C8-4162-BF47-443D5BA5743E}.Release|x64.Build.0 = Release|x64
		{341D5107-98C8-4162-BF47-443D5BA5743E}.Release|x86.ActiveCfg = Release|Win32
		{341D5107-98C8-4162-BF47-443D5BA5743E}.Release|x86.Build.0 = Release|Win32
		{B37F321F-4D40-4CC5-BA9F-BBFFCA1E6DDD}.Debug|x64.ActiveCfg = Debug|x64
		{B37F321F-4D40-4CC5-BA9F-BBFFCA1E6DDD}.Debug|x64.Build.0 = Debug|x64
		{B37F321F-4D40-4CC5-BA9F-BBFFCA1E6DDD}.Debug|x86.ActiveCfg = Debug|Win32
		{B37F321F-4D40-4CC5-BA9F-BBFFCA1E6DDD}.Debug|x86.Build.0 = Debug|Win32
		{B37F321F-4D40-4CC5-BA9F-BBFFCA1E6DDD}.Release|x64.ActiveCfg = Release|x64
		{B37F321F-4D40-4CC5-BA9F-BBFFCA1E6DDD}.Release|x64.Build.0 = Release|x64
		{B37F321F-4D40-4CC5-BA9F-BBFFCA1E6DDD}.Release|x86.ActiveCfg = Release|Win32
		{B37F321F-4D40-4CC5-BA9F-BBFFCA1E6DDD}.Release|x86.Build.0 = Release|Win32
		{70C6196A-A92C-49ED-8F48-BDB9A029FF7C}.Debug|x64.ActiveCfg = Debug|x64
		{70C6196A-A92C-49ED-8F48-BDB9A029FF7C}.Debug|x64.Build.0 = Debug|x64
		{70C6196A-A92C-49ED-8F48-BDB9A029FF7C}.Debug|x86.ActiveCfg = Debug|Win32
		{70C6196A-A92C-49ED-8F48-BDB9A029FF7C}.Debug|x86.Build.0 = Debug|Win32
		{70C6196A-A92C-49ED-8F48-BDB9A029FF7C}.Release|x64.ActiveCfg = Release|x64
		{70C6196A-A92C-49ED-8F48-BDB9A029FF7C}.Release|x64.Build.0 = Release|x64
		{70C6196A-A92C-49ED-8F48-BDB9A029FF7C}.Release|x86.ActiveCfg = Release|Win32
		{70C6196A-A92C-49ED-8F48-BDB9A029FF7C}.Release|x86.Build.0 = Release|Win32
		{8ED6359D-55B0-4624-8099-ED1805153B19}.Debug|x64.ActiveCfg = Debug|x64
		{8ED6359D-55B0-4624-8099-ED1805153B19}.Debug|x64.Build.0 = Debug|x64
		{8ED6359D-55B0-4624-8099-ED1805153B19}.Debug|x86.ActiveCfg = Debug|Win32
		{8ED6359D-55B0-4624-8099-ED1805153B19}.Debug|x86.Build.0 = Debug|Win32
		{8ED6359D-55B0-4624-8099-ED1805153B19}.Release|x64.ActiveCfg = Release|x64
		{8ED6359D-55B0-4624-8099-ED1805153B19}.Release|x64.Build.0 = Release|x64
		{8ED6359D-55B0-4624-8099-ED1805153B19}.Release|x86.ActiveCfg = Release|Win32
		{8ED6359D-55B0-4624-8099-ED1805153B19}.Release|x86.Build.0 = Release|Win32
		{7E3346A4-1686-45C0-BB12-B2326F36B1F8}.Debug|x64.ActiveCfg = Debug|x64
		{7E3346A4-1686-45C0-BB12-B2326F36B1F8}.Debug|x64.Build.0 = Debug|x64
		{7E3346A4-1686-45C0-BB12-B2326F36B1F8}.Debug|x86.ActiveCfg = Debug|Win32
		{7E3346A4-1686-45C0-BB12-B2326F36B1F8}.Debug|x86.Build.0 = Debug|Win32
		{7E3346A4-1686-45C0-BB12-B2326F36B1F8}.Release|x64.ActiveCfg = Release|x64
		{7E3346A4-1686-45C0-BB12-B2326F36B1F8}.Release|x64.Build.0 = Release|x64
		{7E3346A4-1686-45C0-BB12-B2326F36B1F8}.Release|x86.ActiveCfg = Release|Win32
		{7E3346A4-1686-45C0-BB12-B2326F36B1F8}.Release|x86.Build.0 = Release|Win32
		{0CD22C21-0C9E-4EA7-A8D6-5F143F6782C5}.Debug|x64.ActiveCfg = Debug|x64
		{0CD22C21-0C9E-4EA7-A8D6-5F143F6782C5}.Debug|x64.Build.0 = Debug|x64
		{0CD22C21-0C9E-4EA7-A8D6-5F143F6782C5}.Debug|x86.ActiveCfg = Debug|Win32
		{0CD22C21-0C9E-4EA7-A8D6-5F143F6782C5}.Debug|x86.Build.0 = Debug|Win32
		{0CD22C21-0C9E-4EA7-A8D6-5F143F6782C5}.Release|x64.ActiveCfg = Release|x64
		{0CD22C21-0C9E-4EA7-A8D6-5F143F6782C5}.Release|x64.Build.0 = Release|x64
		{0CD22C21-0C9E-4EA7-A8D6-5F143F6782C5}.Release|x86.ActiveCfg = Release|Win32
		{0CD22C21-0C9E-4EA7-A8D6-5F143F6782C5}.Release|x86.Build.0 = Release|Win32
	EndGlobalSection
	GlobalSection(SolutionProperties) = preSolution
		HideSolutionNode = FALSE
	EndGlobalSection
	GlobalSection(ExtensibilityGlobals) = postSolution
		SolutionGuid = {96243F36-ABE4-4944-AB31-C2EBD741133E}
	EndGlobalSection
EndGlobal
